
Microsoft Visual Studio Solution File, Format Version 12.00
# Visual Studio Version 17
VisualStudioVersion = 17.14.36623.8 d17.14
MinimumVisualStudioVersion = 10.0.40219.1
Project("{FAE04EC0-301F-11D3-BF4B-00C04F79EFBC}") = "PDPDay14Lab", "PDPDay14Lab\PDPDay14Lab.csproj", "{9EA5AA5D-D3C6-4A0C-AE62-BB010D4C2832}"
EndProject
Global
	GlobalSection(SolutionConfigurationPlatforms) = preSolution
		Debug|Any CPU = Debug|Any CPU
		Release|Any CPU = Release|Any CPU
	EndGlobalSection
	GlobalSection(ProjectConfigurationPlatforms) = postSolution
		{9EA5AA5D-D3C6-4A0C-AE62-BB010D4C2832}.Debug|Any CPU.ActiveCfg = Debug|Any CPU
		{9EA5AA5D-D3C6-4A0C-AE62-BB010D4C2832}.Debug|Any CPU.Build.0 = Debug|Any CPU
		{9EA5AA5D-D3C6-4A0C-AE62-BB010D4C2832}.Release|Any CPU.ActiveCfg = Release|Any CPU
		{9EA5AA5D-D3C6-4A0C-AE62-BB010D4C2832}.Release|Any CPU.Build.0 = Release|Any CPU
	EndGlobalSection
	GlobalSection(SolutionProperties) = preSolution
		HideSolutionNode = FALSE
	EndGlobalSection
	GlobalSection(ExtensibilityGlobals) = postSolution
		SolutionGuid = {40698FAF-513F-4E6D-8CD1-BE42D26BFF0A}
	EndGlobalSection
EndGlobal
